
Microsoft Visual Studio Solution File, Format Version 12.00
# Visual Studio Version 17
VisualStudioVersion = 17.6.33829.357
MinimumVisualStudioVersion = 10.0.40219.1
Project("{FAE04EC0-301F-11D3-BF4B-00C04F79EFBC}") = "MinimalChatApplication.API", "MinimalChatApplication.API\MinimalChatApplication.API.csproj", "{D0245AB3-42B4-40CD-B05B-33D16C887912}"
EndProject
Project("{FAE04EC0-301F-11D3-BF4B-00C04F79EFBC}") = "MinimalChatApplication.Data", "MinimalChatApplication.Data\MinimalChatApplication.Data.csproj", "{7D06D082-9DDA-4CFA-AF06-A8BB551A86E8}"
EndProject
Project("{FAE04EC0-301F-11D3-BF4B-00C04F79EFBC}") = "MinimalChatApplication.Domain", "MinimalChatApplication.Domain\MinimalChatApplication.Domain.csproj", "{558F59E0-1925-4279-AD91-9C4BA384CA5E}"
EndProject
Global
	GlobalSection(SolutionConfigurationPlatforms) = preSolution
		Debug|Any CPU = Debug|Any CPU
		Release|Any CPU = Release|Any CPU
	EndGlobalSection
	GlobalSection(ProjectConfigurationPlatforms) = postSolution
		{D0245AB3-42B4-40CD-B05B-33D16C887912}.Debug|Any CPU.ActiveCfg = Debug|Any CPU
		{D0245AB3-42B4-40CD-B05B-33D16C887912}.Debug|Any CPU.Build.0 = Debug|Any CPU
		{D0245AB3-42B4-40CD-B05B-33D16C887912}.Release|Any CPU.ActiveCfg = Release|Any CPU
		{D0245AB3-42B4-40CD-B05B-33D16C887912}.Release|Any CPU.Build.0 = Release|Any CPU
		{7D06D082-9DDA-4CFA-AF06-A8BB551A86E8}.Debug|Any CPU.ActiveCfg = Debug|Any CPU
		{7D06D082-9DDA-4CFA-AF06-A8BB551A86E8}.Debug|Any CPU.Build.0 = Debug|Any CPU
		{7D06D082-9DDA-4CFA-AF06-A8BB551A86E8}.Release|Any CPU.ActiveCfg = Release|Any CPU
		{7D06D082-9DDA-4CFA-AF06-A8BB551A86E8}.Release|Any CPU.Build.0 = Release|Any CPU
		{558F59E0-1925-4279-AD91-9C4BA384CA5E}.Debug|Any CPU.ActiveCfg = Debug|Any CPU
		{558F59E0-1925-4279-AD91-9C4BA384CA5E}.Debug|Any CPU.Build.0 = Debug|Any CPU
		{558F59E0-1925-4279-AD91-9C4BA384CA5E}.Release|Any CPU.ActiveCfg = Release|Any CPU
		{558F59E0-1925-4279-AD91-9C4BA384CA5E}.Release|Any CPU.Build.0 = Release|Any CPU
	EndGlobalSection
	GlobalSection(SolutionProperties) = preSolution
		HideSolutionNode = FALSE
	EndGlobalSection
	GlobalSection(ExtensibilityGlobals) = postSolution
		SolutionGuid = {3F783C63-E6A6-4204-9418-479F24960A42}
	EndGlobalSection
EndGlobal
